
Microsoft Visual Studio Solution File, Format Version 12.00
# Visual Studio 2013
VisualStudioVersion = 12.0.21005.1
MinimumVisualStudioVersion = 10.0.40219.1
Project("{FAE04EC0-301F-11D3-BF4B-00C04F79EFBC}") = "m3.Tokens", "m3.Tokens\m3.Tokens.csproj", "{B1CDECAC-3536-4613-BAA0-275355366C38}"
EndProject
Project("{FAE04EC0-301F-11D3-BF4B-00C04F79EFBC}") = "m3.Tokens.Sample", "m3.Tokens.Sample\m3.Tokens.Sample.csproj", "{DB81E52D-1C81-40C2-8546-B215AEA6B81F}"
EndProject
Global
	GlobalSection(SolutionConfigurationPlatforms) = preSolution
		Debug|Any CPU = Debug|Any CPU
		Release|Any CPU = Release|Any CPU
	EndGlobalSection
	GlobalSection(ProjectConfigurationPlatforms) = postSolution
		{B1CDECAC-3536-4613-BAA0-275355366C38}.Debug|Any CPU.ActiveCfg = Debug|Any CPU
		{B1CDECAC-3536-4613-BAA0-275355366C38}.Debug|Any CPU.Build.0 = Debug|Any CPU
		{B1CDECAC-3536-4613-BAA0-275355366C38}.Release|Any CPU.ActiveCfg = Release|Any CPU
		{B1CDECAC-3536-4613-BAA0-275355366C38}.Release|Any CPU.Build.0 = Release|Any CPU
		{DB81E52D-1C81-40C2-8546-B215AEA6B81F}.Debug|Any CPU.ActiveCfg = Debug|Any CPU
		{DB81E52D-1C81-40C2-8546-B215AEA6B81F}.Debug|Any CPU.Build.0 = Debug|Any CPU
		{DB81E52D-1C81-40C2-8546-B215AEA6B81F}.Release|Any CPU.ActiveCfg = Release|Any CPU
		{DB81E52D-1C81-40C2-8546-B215AEA6B81F}.Release|Any CPU.Build.0 = Release|Any CPU
	EndGlobalSection
	GlobalSection(SolutionProperties) = preSolution
		HideSolutionNode = FALSE
	EndGlobalSection
EndGlobal
